
Microsoft Visual Studio Solution File, Format Version 12.00
# Visual Studio Version 17
VisualStudioVersion = 17.7.34009.444
MinimumVisualStudioVersion = 10.0.40219.1
Project("{FAE04EC0-301F-11D3-BF4B-00C04F79EFBC}") = "OnlineStoreSTP", "OnlineStoreSTP\OnlineStoreSTP.csproj", "{CBD404A9-546B-4000-87F8-F07A0EC1CEBB}"
EndProject
Project("{FAE04EC0-301F-11D3-BF4B-00C04F79EFBC}") = "UnitTestProject", "UnitTestProject\UnitTestProject.csproj", "{8A711070-0F78-4975-A926-24701EDFC3FB}"
EndProject
Global
	GlobalSection(SolutionConfigurationPlatforms) = preSolution
		Debug|Any CPU = Debug|Any CPU
		Release|Any CPU = Release|Any CPU
	EndGlobalSection
	GlobalSection(ProjectConfigurationPlatforms) = postSolution
		{CBD404A9-546B-4000-87F8-F07A0EC1CEBB}.Debug|Any CPU.ActiveCfg = Debug|Any CPU
		{CBD404A9-546B-4000-87F8-F07A0EC1CEBB}.Debug|Any CPU.Build.0 = Debug|Any CPU
		{CBD404A9-546B-4000-87F8-F07A0EC1CEBB}.Release|Any CPU.ActiveCfg = Release|Any CPU
		{CBD404A9-546B-4000-87F8-F07A0EC1CEBB}.Release|Any CPU.Build.0 = Release|Any CPU
		{8A711070-0F78-4975-A926-24701EDFC3FB}.Debug|Any CPU.ActiveCfg = Debug|Any CPU
		{8A711070-0F78-4975-A926-24701EDFC3FB}.Debug|Any CPU.Build.0 = Debug|Any CPU
		{8A711070-0F78-4975-A926-24701EDFC3FB}.Release|Any CPU.ActiveCfg = Release|Any CPU
		{8A711070-0F78-4975-A926-24701EDFC3FB}.Release|Any CPU.Build.0 = Release|Any CPU
	EndGlobalSection
	GlobalSection(SolutionProperties) = preSolution
		HideSolutionNode = FALSE
	EndGlobalSection
	GlobalSection(ExtensibilityGlobals) = postSolution
		SolutionGuid = {B76D5F08-5CCA-4976-A7DD-055A4E9F340B}
	EndGlobalSection
EndGlobal
